
Microsoft Visual Studio Solution File, Format Version 12.00
# Visual Studio Version 17
VisualStudioVersion = 17.6.33829.357
MinimumVisualStudioVersion = 10.0.40219.1
Project("{FAE04EC0-301F-11D3-BF4B-00C04F79EFBC}") = "GuessTheNumGame", "GuessTheNumGame\GuessTheNumGame.csproj", "{AB18E06E-E41E-412F-99BC-8C2A750FE2EB}"
EndProject
Global
	GlobalSection(SolutionConfigurationPlatforms) = preSolution
		Debug|Any CPU = Debug|Any CPU
		Release|Any CPU = Release|Any CPU
	EndGlobalSection
	GlobalSection(ProjectConfigurationPlatforms) = postSolution
		{AB18E06E-E41E-412F-99BC-8C2A750FE2EB}.Debug|Any CPU.ActiveCfg = Debug|Any CPU
		{AB18E06E-E41E-412F-99BC-8C2A750FE2EB}.Debug|Any CPU.Build.0 = Debug|Any CPU
		{AB18E06E-E41E-412F-99BC-8C2A750FE2EB}.Release|Any CPU.ActiveCfg = Release|Any CPU
		{AB18E06E-E41E-412F-99BC-8C2A750FE2EB}.Release|Any CPU.Build.0 = Release|Any CPU
	EndGlobalSection
	GlobalSection(SolutionProperties) = preSolution
		HideSolutionNode = FALSE
	EndGlobalSection
	GlobalSection(ExtensibilityGlobals) = postSolution
		SolutionGuid = {66C04077-D641-43B5-9D36-9532BA911E6C}
	EndGlobalSection
EndGlobal
